// !$*UTF8*$!
{
	archiveVersion = 1;
	classes = {
	};
	objectVersion = 50;
	objects = {

/* Begin PBXBuildFile section */
		03128D9324F40DCD000D7E9A /* Main.storyboard in Resources */ = {isa = PBXBuildFile; fileRef = 03128D9224F40DCD000D7E9A /* Main.storyboard */; };
		032ACD6D24F3E1EF009607F1 /* userInfo.storyboard in Resources */ = {isa = PBXBuildFile; fileRef = 032ACD6B24F3E1EF009607F1 /* userInfo.storyboard */; };
		032ACD6E24F4052F009607F1 /* ViewController.swift in Sources */ = {isa = PBXBuildFile; fileRef = B372BEF024D2A46300F9957A /* ViewController.swift */; };
		032ACD6F24F4052F009607F1 /* AppDelegate.swift in Sources */ = {isa = PBXBuildFile; fileRef = B372BEEE24D2A46300F9957A /* AppDelegate.swift */; };
		032ACD7024F4052F009607F1 /* CalorieCounterApp.xcdatamodeld in Sources */ = {isa = PBXBuildFile; fileRef = B372BEF524D2A46300F9957A /* CalorieCounterApp.xcdatamodeld */; };
		032ACD7324F405E8009607F1 /* userKcalTracking.storyboard in Resources */ = {isa = PBXBuildFile; fileRef = 032ACD7124F405E8009607F1 /* userKcalTracking.storyboard */; };
		038D374E24F4110F008C516B /* LaunchScreen.storyboard in Resources */ = {isa = PBXBuildFile; fileRef = 038D374D24F4110F008C516B /* LaunchScreen.storyboard */; };
		B372BEF924D2A46B00F9957A /* Assets.xcassets in Resources */ = {isa = PBXBuildFile; fileRef = B372BEF824D2A46B00F9957A /* Assets.xcassets */; };
		B372BF0724D2A46B00F9957A /* CalorieCounterAppTests.swift in Sources */ = {isa = PBXBuildFile; fileRef = B372BF0624D2A46B00F9957A /* CalorieCounterAppTests.swift */; };
		B372BF1224D2A46B00F9957A /* CalorieCounterAppUITests.swift in Sources */ = {isa = PBXBuildFile; fileRef = B372BF1124D2A46B00F9957A /* CalorieCounterAppUITests.swift */; };
/* End PBXBuildFile section */

/* Begin PBXContainerItemProxy section */
		B372BF0324D2A46B00F9957A /* PBXContainerItemProxy */ = {
			isa = PBXContainerItemProxy;
			containerPortal = B372BEE324D2A46300F9957A /* Project object */;
			proxyType = 1;
			remoteGlobalIDString = B372BEEA24D2A46300F9957A;
			remoteInfo = CalorieCounterApp;
		};
		B372BF0E24D2A46B00F9957A /* PBXContainerItemProxy */ = {
			isa = PBXContainerItemProxy;
			containerPortal = B372BEE324D2A46300F9957A /* Project object */;
			proxyType = 1;
			remoteGlobalIDString = B372BEEA24D2A46300F9957A;
			remoteInfo = CalorieCounterApp;
		};
/* End PBXContainerItemProxy section */

/* Begin PBXFileReference section */
		03128D9224F40DCD000D7E9A /* Main.storyboard */ = {isa = PBXFileReference; lastKnownFileType = file.storyboard; path = Main.storyboard; sourceTree = "<group>"; };
		032ACD6C24F3E1EF009607F1 /* Base */ = {isa = PBXFileReference; lastKnownFileType = file.storyboard; name = Base; path = CalorieCounterApp/View/Base.lproj/userInfo.storyboard; sourceTree = "<group>"; };
		032ACD7224F405E8009607F1 /* Base */ = {isa = PBXFileReference; lastKnownFileType = file.storyboard; name = Base; path = CalorieCounterApp/View/Base.lproj/userKcalTracking.storyboard; sourceTree = "<group>"; };
		038D374D24F4110F008C516B /* LaunchScreen.storyboard */ = {isa = PBXFileReference; lastKnownFileType = file.storyboard; path = LaunchScreen.storyboard; sourceTree = "<group>"; };
		B372BEEB24D2A46300F9957A /* CalorieCounterApp.app */ = {isa = PBXFileReference; explicitFileType = wrapper.application; includeInIndex = 0; path = CalorieCounterApp.app; sourceTree = BUILT_PRODUCTS_DIR; };
		B372BEEE24D2A46300F9957A /* AppDelegate.swift */ = {isa = PBXFileReference; lastKnownFileType = sourcecode.swift; path = AppDelegate.swift; sourceTree = "<group>"; };
		B372BEF024D2A46300F9957A /* ViewController.swift */ = {isa = PBXFileReference; lastKnownFileType = sourcecode.swift; path = ViewController.swift; sourceTree = "<group>"; };
		B372BEF624D2A46300F9957A /* CalorieCounterApp.xcdatamodel */ = {isa = PBXFileReference; lastKnownFileType = wrapper.xcdatamodel; path = CalorieCounterApp.xcdatamodel; sourceTree = "<group>"; };
		B372BEF824D2A46B00F9957A /* Assets.xcassets */ = {isa = PBXFileReference; lastKnownFileType = folder.assetcatalog; path = Assets.xcassets; sourceTree = "<group>"; };
		B372BEFD24D2A46B00F9957A /* Info.plist */ = {isa = PBXFileReference; lastKnownFileType = text.plist.xml; path = Info.plist; sourceTree = "<group>"; };
		B372BF0224D2A46B00F9957A /* CalorieCounterAppTests.xctest */ = {isa = PBXFileReference; explicitFileType = wrapper.cfbundle; includeInIndex = 0; path = CalorieCounterAppTests.xctest; sourceTree = BUILT_PRODUCTS_DIR; };
		B372BF0624D2A46B00F9957A /* CalorieCounterAppTests.swift */ = {isa = PBXFileReference; lastKnownFileType = sourcecode.swift; path = CalorieCounterAppTests.swift; sourceTree = "<group>"; };
		B372BF0824D2A46B00F9957A /* Info.plist */ = {isa = PBXFileReference; lastKnownFileType = text.plist.xml; path = Info.plist; sourceTree = "<group>"; };
		B372BF0D24D2A46B00F9957A /* CalorieCounterAppUITests.xctest */ = {isa = PBXFileReference; explicitFileType = wrapper.cfbundle; includeInIndex = 0; path = CalorieCounterAppUITests.xctest; sourceTree = BUILT_PRODUCTS_DIR; };
		B372BF1124D2A46B00F9957A /* CalorieCounterAppUITests.swift */ = {isa = PBXFileReference; lastKnownFileType = sourcecode.swift; path = CalorieCounterAppUITests.swift; sourceTree = "<group>"; };
		B372BF1324D2A46B00F9957A /* Info.plist */ = {isa = PBXFileReference; lastKnownFileType = text.plist.xml; path = Info.plist; sourceTree = "<group>"; };
/* End PBXFileReference section */

/* Begin PBXFrameworksBuildPhase section */
		B372BEE824D2A46300F9957A /* Frameworks */ = {
			isa = PBXFrameworksBuildPhase;
			buildActionMask = 2147483647;
			files = (
			);
			runOnlyForDeploymentPostprocessing = 0;
		};
		B372BEFF24D2A46B00F9957A /* Frameworks */ = {
			isa = PBXFrameworksBuildPhase;
			buildActionMask = 2147483647;
			files = (
			);
			runOnlyForDeploymentPostprocessing = 0;
		};
		B372BF0A24D2A46B00F9957A /* Frameworks */ = {
			isa = PBXFrameworksBuildPhase;
			buildActionMask = 2147483647;
			files = (
			);
			runOnlyForDeploymentPostprocessing = 0;
		};
/* End PBXFrameworksBuildPhase section */

/* Begin PBXGroup section */
		032ACD7424F40BC1009607F1 /* Recovered References */ = {
			isa = PBXGroup;
			children = (
			);
			name = "Recovered References";
			sourceTree = "<group>";
		};
		B372BEE224D2A46300F9957A = {
			isa = PBXGroup;
			children = (
				B372BEED24D2A46300F9957A /* CalorieCounterApp */,
				B372BF0524D2A46B00F9957A /* CalorieCounterAppTests */,
				B372BF1024D2A46B00F9957A /* CalorieCounterAppUITests */,
				B372BEEC24D2A46300F9957A /* Products */,
				032ACD7424F40BC1009607F1 /* Recovered References */,
			);
			sourceTree = "<group>";
		};
		B372BEEC24D2A46300F9957A /* Products */ = {
			isa = PBXGroup;
			children = (
				B372BEEB24D2A46300F9957A /* CalorieCounterApp.app */,
				B372BF0224D2A46B00F9957A /* CalorieCounterAppTests.xctest */,
				B372BF0D24D2A46B00F9957A /* CalorieCounterAppUITests.xctest */,
			);
			name = Products;
			sourceTree = "<group>";
		};
		B372BEED24D2A46300F9957A /* CalorieCounterApp */ = {
			isa = PBXGroup;
			children = (
				B3DCE0F324F379EC00ECEA14 /* Model */,
				B3DCE0F524F37A2600ECEA14 /* ViewModel */,
				B3DCE0F724F37A4600ECEA14 /* View */,
				B372BEEE24D2A46300F9957A /* AppDelegate.swift */,
				B372BEF824D2A46B00F9957A /* Assets.xcassets */,
				B372BEFD24D2A46B00F9957A /* Info.plist */,
				038D374D24F4110F008C516B /* LaunchScreen.storyboard */,
				B372BEF524D2A46300F9957A /* CalorieCounterApp.xcdatamodeld */,
			);
			path = CalorieCounterApp;
			sourceTree = "<group>";
		};
		B372BF0524D2A46B00F9957A /* CalorieCounterAppTests */ = {
			isa = PBXGroup;
			children = (
				B372BF0624D2A46B00F9957A /* CalorieCounterAppTests.swift */,
				B372BF0824D2A46B00F9957A /* Info.plist */,
			);
			path = CalorieCounterAppTests;
			sourceTree = "<group>";
		};
		B372BF1024D2A46B00F9957A /* CalorieCounterAppUITests */ = {
			isa = PBXGroup;
			children = (
				B372BF1124D2A46B00F9957A /* CalorieCounterAppUITests.swift */,
				B372BF1324D2A46B00F9957A /* Info.plist */,
			);
			path = CalorieCounterAppUITests;
			sourceTree = "<group>";
		};
		B3DCE0F324F379EC00ECEA14 /* Model */ = {
			isa = PBXGroup;
			children = (
			);
			path = Model;
			sourceTree = "<group>";
		};
		B3DCE0F524F37A2600ECEA14 /* ViewModel */ = {
			isa = PBXGroup;
			children = (
				B372BEF024D2A46300F9957A /* ViewController.swift */,
			);
			path = ViewModel;
			sourceTree = "<group>";
		};
		B3DCE0F724F37A4600ECEA14 /* View */ = {
			isa = PBXGroup;
			children = (
				032ACD6B24F3E1EF009607F1 /* userInfo.storyboard */,
				03128D9224F40DCD000D7E9A /* Main.storyboard */,
				032ACD7124F405E8009607F1 /* userKcalTracking.storyboard */,
			);
			path = View;
			sourceTree = "<group>";
		};
/* End PBXGroup section */

/* Begin PBXNativeTarget section */
		B372BEEA24D2A46300F9957A /* CalorieCounterApp */ = {
			isa = PBXNativeTarget;
			buildConfigurationList = B372BF1624D2A46B00F9957A /* Build configuration list for PBXNativeTarget "CalorieCounterApp" */;
			buildPhases = (
				B372BEE724D2A46300F9957A /* Sources */,
				B372BEE824D2A46300F9957A /* Frameworks */,
				B372BEE924D2A46300F9957A /* Resources */,
			);
			buildRules = (
			);
			dependencies = (
			);
			name = CalorieCounterApp;
			productName = CalorieCounterApp;
			productReference = B372BEEB24D2A46300F9957A /* CalorieCounterApp.app */;
			productType = "com.apple.product-type.application";
		};
		B372BF0124D2A46B00F9957A /* CalorieCounterAppTests */ = {
			isa = PBXNativeTarget;
			buildConfigurationList = B372BF1924D2A46B00F9957A /* Build configuration list for PBXNativeTarget "CalorieCounterAppTests" */;
			buildPhases = (
				B372BEFE24D2A46B00F9957A /* Sources */,
				B372BEFF24D2A46B00F9957A /* Frameworks */,
				B372BF0024D2A46B00F9957A /* Resources */,
			);
			buildRules = (
			);
			dependencies = (
				B372BF0424D2A46B00F9957A /* PBXTargetDependency */,
			);
			name = CalorieCounterAppTests;
			productName = CalorieCounterAppTests;
			productReference = B372BF0224D2A46B00F9957A /* CalorieCounterAppTests.xctest */;
			productType = "com.apple.product-type.bundle.unit-test";
		};
		B372BF0C24D2A46B00F9957A /* CalorieCounterAppUITests */ = {
			isa = PBXNativeTarget;
			buildConfigurationList = B372BF1C24D2A46B00F9957A /* Build configuration list for PBXNativeTarget "CalorieCounterAppUITests" */;
			buildPhases = (
				B372BF0924D2A46B00F9957A /* Sources */,
				B372BF0A24D2A46B00F9957A /* Frameworks */,
				B372BF0B24D2A46B00F9957A /* Resources */,
			);
			buildRules = (
			);
			dependencies = (
				B372BF0F24D2A46B00F9957A /* PBXTargetDependency */,
			);
			name = CalorieCounterAppUITests;
			productName = CalorieCounterAppUITests;
			productReference = B372BF0D24D2A46B00F9957A /* CalorieCounterAppUITests.xctest */;
			productType = "com.apple.product-type.bundle.ui-testing";
		};
/* End PBXNativeTarget section */

/* Begin PBXProject section */
		B372BEE324D2A46300F9957A /* Project object */ = {
			isa = PBXProject;
			attributes = {
				LastSwiftUpdateCheck = 1030;
				LastUpgradeCheck = 1030;
				TargetAttributes = {
					B372BEEA24D2A46300F9957A = {
						CreatedOnToolsVersion = 10.3;
					};
					B372BF0124D2A46B00F9957A = {
						CreatedOnToolsVersion = 10.3;
						TestTargetID = B372BEEA24D2A46300F9957A;
					};
					B372BF0C24D2A46B00F9957A = {
						CreatedOnToolsVersion = 10.3;
						TestTargetID = B372BEEA24D2A46300F9957A;
					};
				};
			};
			buildConfigurationList = B372BEE624D2A46300F9957A /* Build configuration list for PBXProject "CalorieCounterApp" */;
			compatibilityVersion = "Xcode 9.3";
			developmentRegion = en;
			hasScannedForEncodings = 0;
			knownRegions = (
				en,
				Base,
			);
			mainGroup = B372BEE224D2A46300F9957A;
			productRefGroup = B372BEEC24D2A46300F9957A /* Products */;
			projectDirPath = "";
			projectRoot = "";
			targets = (
				B372BEEA24D2A46300F9957A /* CalorieCounterApp */,
				B372BF0124D2A46B00F9957A /* CalorieCounterAppTests */,
				B372BF0C24D2A46B00F9957A /* CalorieCounterAppUITests */,
			);
		};
/* End PBXProject section */

/* Begin PBXResourcesBuildPhase section */
		B372BEE924D2A46300F9957A /* Resources */ = {
			isa = PBXResourcesBuildPhase;
			buildActionMask = 2147483647;
			files = (
				03128D9324F40DCD000D7E9A /* Main.storyboard in Resources */,
				032ACD6D24F3E1EF009607F1 /* userInfo.storyboard in Resources */,
				B372BEF924D2A46B00F9957A /* Assets.xcassets in Resources */,
				038D374E24F4110F008C516B /* LaunchScreen.storyboard in Resources */,
				032ACD7324F405E8009607F1 /* userKcalTracking.storyboard in Resources */,
			);
			runOnlyForDeploymentPostprocessing = 0;
		};
		B372BF0024D2A46B00F9957A /* Resources */ = {
			isa = PBXResourcesBuildPhase;
			buildActionMask = 2147483647;
			files = (
			);
			runOnlyForDeploymentPostprocessing = 0;
		};
		B372BF0B24D2A46B00F9957A /* Resources */ = {
			isa = PBXResourcesBuildPhase;
			buildActionMask = 2147483647;
			files = (
			);
			runOnlyForDeploymentPostprocessing = 0;
		};
/* End PBXResourcesBuildPhase section */

/* Begin PBXSourcesBuildPhase section */
		B372BEE724D2A46300F9957A /* Sources */ = {
			isa = PBXSourcesBuildPhase;
			buildActionMask = 2147483647;
			files = (
				032ACD6E24F4052F009607F1 /* ViewController.swift in Sources */,
				032ACD6F24F4052F009607F1 /* AppDelegate.swift in Sources */,
				032ACD7024F4052F009607F1 /* CalorieCounterApp.xcdatamodeld in Sources */,
			);
			runOnlyForDeploymentPostprocessing = 0;
		};
		B372BEFE24D2A46B00F9957A /* Sources */ = {
			isa = PBXSourcesBuildPhase;
			buildActionMask = 2147483647;
			files = (
				B372BF0724D2A46B00F9957A /* CalorieCounterAppTests.swift in Sources */,
			);
			runOnlyForDeploymentPostprocessing = 0;
		};
		B372BF0924D2A46B00F9957A /* Sources */ = {
			isa = PBXSourcesBuildPhase;
			buildActionMask = 2147483647;
			files = (
				B372BF1224D2A46B00F9957A /* CalorieCounterAppUITests.swift in Sources */,
			);
			runOnlyForDeploymentPostprocessing = 0;
		};
/* End PBXSourcesBuildPhase section */

/* Begin PBXTargetDependency section */
		B372BF0424D2A46B00F9957A /* PBXTargetDependency */ = {
			isa = PBXTargetDependency;
			target = B372BEEA24D2A46300F9957A /* CalorieCounterApp */;
			targetProxy = B372BF0324D2A46B00F9957A /* PBXContainerItemProxy */;
		};
		B372BF0F24D2A46B00F9957A /* PBXTargetDependency */ = {
			isa = PBXTargetDependency;
			target = B372BEEA24D2A46300F9957A /* CalorieCounterApp */;
			targetProxy = B372BF0E24D2A46B00F9957A /* PBXContainerItemProxy */;
		};
/* End PBXTargetDependency section */

/* Begin PBXVariantGroup section */
		032ACD6B24F3E1EF009607F1 /* userInfo.storyboard */ = {
			isa = PBXVariantGroup;
			children = (
				032ACD6C24F3E1EF009607F1 /* Base */,
			);
			name = userInfo.storyboard;
			sourceTree = "<group>";
		};
		032ACD7124F405E8009607F1 /* userKcalTracking.storyboard */ = {
			isa = PBXVariantGroup;
			children = (
				032ACD7224F405E8009607F1 /* Base */,
			);
			name = userKcalTracking.storyboard;
			sourceTree = "<group>";
		};
/* End PBXVariantGroup section */

/* Begin XCBuildConfiguration section */
		B372BF1424D2A46B00F9957A /* Debug */ = {
			isa = XCBuildConfiguration;
			buildSettings = {
				ALWAYS_SEARCH_USER_PATHS = NO;
				CLANG_ANALYZER_NONNULL = YES;
				CLANG_ANALYZER_NUMBER_OBJECT_CONVERSION = YES_AGGRESSIVE;
				CLANG_CXX_LANGUAGE_STANDARD = "gnu++14";
				CLANG_CXX_LIBRARY = "libc++";
				CLANG_ENABLE_MODULES = YES;
				CLANG_ENABLE_OBJC_ARC = YES;
				CLANG_ENABLE_OBJC_WEAK = YES;
				CLANG_WARN_BLOCK_CAPTURE_AUTORELEASING = YES;
				CLANG_WARN_BOOL_CONVERSION = YES;
				CLANG_WARN_COMMA = YES;
				CLANG_WARN_CONSTANT_CONVERSION = YES;
				CLANG_WARN_DEPRECATED_OBJC_IMPLEMENTATIONS = YES;
				CLANG_WARN_DIRECT_OBJC_ISA_USAGE = YES_ERROR;
				CLANG_WARN_DOCUMENTATION_COMMENTS = YES;
				CLANG_WARN_EMPTY_BODY = YES;
				CLANG_WARN_ENUM_CONVERSION = YES;
				CLANG_WARN_INFINITE_RECURSION = YES;
				CLANG_WARN_INT_CONVERSION = YES;
				CLANG_WARN_NON_LITERAL_NULL_CONVERSION = YES;
				CLANG_WARN_OBJC_IMPLICIT_RETAIN_SELF = YES;
				CLANG_WARN_OBJC_LITERAL_CONVERSION = YES;
				CLANG_WARN_OBJC_ROOT_CLASS = YES_ERROR;
				CLANG_WARN_RANGE_LOOP_ANALYSIS = YES;
				CLANG_WARN_STRICT_PROTOTYPES = YES;
				CLANG_WARN_SUSPICIOUS_MOVE = YES;
				CLANG_WARN_UNGUARDED_AVAILABILITY = YES_AGGRESSIVE;
				CLANG_WARN_UNREACHABLE_CODE = YES;
				CLANG_WARN__DUPLICATE_METHOD_MATCH = YES;
				CODE_SIGN_IDENTITY = "iPhone Developer";
				COPY_PHASE_STRIP = NO;
				DEBUG_INFORMATION_FORMAT = dwarf;
				ENABLE_STRICT_OBJC_MSGSEND = YES;
				ENABLE_TESTABILITY = YES;
				GCC_C_LANGUAGE_STANDARD = gnu11;
				GCC_DYNAMIC_NO_PIC = NO;
				GCC_NO_COMMON_BLOCKS = YES;
				GCC_OPTIMIZATION_LEVEL = 0;
				GCC_PREPROCESSOR_DEFINITIONS = (
					"DEBUG=1",
					"$(inherited)",
				);
				GCC_WARN_64_TO_32_BIT_CONVERSION = YES;
				GCC_WARN_ABOUT_RETURN_TYPE = YES_ERROR;
				GCC_WARN_UNDECLARED_SELECTOR = YES;
				GCC_WARN_UNINITIALIZED_AUTOS = YES_AGGRESSIVE;
				GCC_WARN_UNUSED_FUNCTION = YES;
				GCC_WARN_UNUSED_VARIABLE = YES;
				IPHONEOS_DEPLOYMENT_TARGET = 12.4;
				MTL_ENABLE_DEBUG_INFO = INCLUDE_SOURCE;
				MTL_FAST_MATH = YES;
				ONLY_ACTIVE_ARCH = YES;
				SDKROOT = iphoneos;
				SWIFT_ACTIVE_COMPILATION_CONDITIONS = DEBUG;
				SWIFT_OPTIMIZATION_LEVEL = "-Onone";
			};
			name = Debug;
		};
		B372BF1524D2A46B00F9957A /* Release */ = {
			isa = XCBuildConfiguration;
			buildSettings = {
				ALWAYS_SEARCH_USER_PATHS = NO;
				CLANG_ANALYZER_NONNULL = YES;
				CLANG_ANALYZER_NUMBER_OBJECT_CONVERSION = YES_AGGRESSIVE;
				CLANG_CXX_LANGUAGE_STANDARD = "gnu++14";
				CLANG_CXX_LIBRARY = "libc++";
				CLANG_ENABLE_MODULES = YES;
				CLANG_ENABLE_OBJC_ARC = YES;
				CLANG_ENABLE_OBJC_WEAK = YES;
				CLANG_WARN_BLOCK_CAPTURE_AUTORELEASING = YES;
				CLANG_WARN_BOOL_CONVERSION = YES;
				CLANG_WARN_COMMA = YES;
				CLANG_WARN_CONSTANT_CONVERSION = YES;
				CLANG_WARN_DEPRECATED_OBJC_IMPLEMENTATIONS = YES;
				CLANG_WARN_DIRECT_OBJC_ISA_USAGE = YES_ERROR;
				CLANG_WARN_DOCUMENTATION_COMMENTS = YES;
				CLANG_WARN_EMPTY_BODY = YES;
				CLANG_WARN_ENUM_CONVERSION = YES;
				CLANG_WARN_INFINITE_RECURSION = YES;
				CLANG_WARN_INT_CONVERSION = YES;
				CLANG_WARN_NON_LITERAL_NULL_CONVERSION = YES;
				CLANG_WARN_OBJC_IMPLICIT_RETAIN_SELF = YES;
				CLANG_WARN_OBJC_LITERAL_CONVERSION = YES;
				CLANG_WARN_OBJC_ROOT_CLASS = YES_ERROR;
				CLANG_WARN_RANGE_LOOP_ANALYSIS = YES;
				CLANG_WARN_STRICT_PROTOTYPES = YES;
				CLANG_WARN_SUSPICIOUS_MOVE = YES;
				CLANG_WARN_UNGUARDED_AVAILABILITY = YES_AGGRESSIVE;
				CLANG_WARN_UNREACHABLE_CODE = YES;
				CLANG_WARN__DUPLICATE_METHOD_MATCH = YES;
				CODE_SIGN_IDENTITY = "iPhone Developer";
				COPY_PHASE_STRIP = NO;
				DEBUG_INFORMATION_FORMAT = "dwarf-with-dsym";
				ENABLE_NS_ASSERTIONS = NO;
				ENABLE_STRICT_OBJC_MSGSEND = YES;
				GCC_C_LANGUAGE_STANDARD = gnu11;
				GCC_NO_COMMON_BLOCKS = YES;
				GCC_WARN_64_TO_32_BIT_CONVERSION = YES;
				GCC_WARN_ABOUT_RETURN_TYPE = YES_ERROR;
				GCC_WARN_UNDECLARED_SELECTOR = YES;
				GCC_WARN_UNINITIALIZED_AUTOS = YES_AGGRESSIVE;
				GCC_WARN_UNUSED_FUNCTION = YES;
				GCC_WARN_UNUSED_VARIABLE = YES;
				IPHONEOS_DEPLOYMENT_TARGET = 12.4;
				MTL_ENABLE_DEBUG_INFO = NO;
				MTL_FAST_MATH = YES;
				SDKROOT = iphoneos;
				SWIFT_COMPILATION_MODE = wholemodule;
				SWIFT_OPTIMIZATION_LEVEL = "-O";
				VALIDATE_PRODUCT = YES;
			};
			name = Release;
		};
		B372BF1724D2A46B00F9957A /* Debug */ = {
			isa = XCBuildConfiguration;
			buildSettings = {
				ASSETCATALOG_COMPILER_APPICON_NAME = AppIcon;
				CODE_SIGN_STYLE = Automatic;
				INFOPLIST_FILE = CalorieCounterApp/Info.plist;
				LD_RUNPATH_SEARCH_PATHS = (
					"$(inherited)",
					"@executable_path/Frameworks",
				);
				PRODUCT_BUNDLE_IDENTIFIER = rmit.edu.au.CalorieCounterApp;
				PRODUCT_NAME = "$(TARGET_NAME)";
				SWIFT_VERSION = 5.0;
				TARGETED_DEVICE_FAMILY = "1,2";
			};
			name = Debug;
		};
		B372BF1824D2A46B00F9957A /* Release */ = {
			isa = XCBuildConfiguration;
			buildSettings = {
				ASSETCATALOG_COMPILER_APPICON_NAME = AppIcon;
				CODE_SIGN_STYLE = Automatic;
				INFOPLIST_FILE = CalorieCounterApp/Info.plist;
				LD_RUNPATH_SEARCH_PATHS = (
					"$(inherited)",
					"@executable_path/Frameworks",
				);
				PRODUCT_BUNDLE_IDENTIFIER = rmit.edu.au.CalorieCounterApp;
				PRODUCT_NAME = "$(TARGET_NAME)";
				SWIFT_VERSION = 5.0;
				TARGETED_DEVICE_FAMILY = "1,2";
			};
			name = Release;
		};
		B372BF1A24D2A46B00F9957A /* Debug */ = {
			isa = XCBuildConfiguration;
			buildSettings = {
				ALWAYS_EMBED_SWIFT_STANDARD_LIBRARIES = YES;
				BUNDLE_LOADER = "$(TEST_HOST)";
				CODE_SIGN_STYLE = Automatic;
				INFOPLIST_FILE = CalorieCounterAppTests/Info.plist;
				LD_RUNPATH_SEARCH_PATHS = (
					"$(inherited)",
					"@executable_path/Frameworks",
					"@loader_path/Frameworks",
				);
				PRODUCT_BUNDLE_IDENTIFIER = rmit.edu.au.CalorieCounterAppTests;
				PRODUCT_NAME = "$(TARGET_NAME)";
				SWIFT_VERSION = 5.0;
				TARGETED_DEVICE_FAMILY = "1,2";
				TEST_HOST = "$(BUILT_PRODUCTS_DIR)/CalorieCounterApp.app/CalorieCounterApp";
			};
			name = Debug;
		};
		B372BF1B24D2A46B00F9957A /* Release */ = {
			isa = XCBuildConfiguration;
			buildSettings = {
				ALWAYS_EMBED_SWIFT_STANDARD_LIBRARIES = YES;
				BUNDLE_LOADER = "$(TEST_HOST)";
				CODE_SIGN_STYLE = Automatic;
				INFOPLIST_FILE = CalorieCounterAppTests/Info.plist;
				LD_RUNPATH_SEARCH_PATHS = (
					"$(inherited)",
					"@executable_path/Frameworks",
					"@loader_path/Frameworks",
				);
				PRODUCT_BUNDLE_IDENTIFIER = rmit.edu.au.CalorieCounterAppTests;
				PRODUCT_NAME = "$(TARGET_NAME)";
				SWIFT_VERSION = 5.0;
				TARGETED_DEVICE_FAMILY = "1,2";
				TEST_HOST = "$(BUILT_PRODUCTS_DIR)/CalorieCounterApp.app/CalorieCounterApp";
			};
			name = Release;
		};
		B372BF1D24D2A46B00F9957A /* Debug */ = {
			isa = XCBuildConfiguration;
			buildSettings = {
				ALWAYS_EMBED_SWIFT_STANDARD_LIBRARIES = YES;
				CODE_SIGN_STYLE = Automatic;
				INFOPLIST_FILE = CalorieCounterAppUITests/Info.plist;
				LD_RUNPATH_SEARCH_PATHS = (
					"$(inherited)",
					"@executable_path/Frameworks",
					"@loader_path/Frameworks",
				);
				PRODUCT_BUNDLE_IDENTIFIER = rmit.edu.au.CalorieCounterAppUITests;
				PRODUCT_NAME = "$(TARGET_NAME)";
				SWIFT_VERSION = 5.0;
				TARGETED_DEVICE_FAMILY = "1,2";
				TEST_TARGET_NAME = CalorieCounterApp;
			};
			name = Debug;
		};
		B372BF1E24D2A46B00F9957A /* Release */ = {
			isa = XCBuildConfiguration;
			buildSettings = {
				ALWAYS_EMBED_SWIFT_STANDARD_LIBRARIES = YES;
				CODE_SIGN_STYLE = Automatic;
				INFOPLIST_FILE = CalorieCounterAppUITests/Info.plist;
				LD_RUNPATH_SEARCH_PATHS = (
					"$(inherited)",
					"@executable_path/Frameworks",
					"@loader_path/Frameworks",
				);
				PRODUCT_BUNDLE_IDENTIFIER = rmit.edu.au.CalorieCounterAppUITests;
				PRODUCT_NAME = "$(TARGET_NAME)";
				SWIFT_VERSION = 5.0;
				TARGETED_DEVICE_FAMILY = "1,2";
				TEST_TARGET_NAME = CalorieCounterApp;
			};
			name = Release;
		};
/* End XCBuildConfiguration section */

/* Begin XCConfigurationList section */
		B372BEE624D2A46300F9957A /* Build configuration list for PBXProject "CalorieCounterApp" */ = {
			isa = XCConfigurationList;
			buildConfigurations = (
				B372BF1424D2A46B00F9957A /* Debug */,
				B372BF1524D2A46B00F9957A /* Release */,
			);
			defaultConfigurationIsVisible = 0;
			defaultConfigurationName = Release;
		};
		B372BF1624D2A46B00F9957A /* Build configuration list for PBXNativeTarget "CalorieCounterApp" */ = {
			isa = XCConfigurationList;
			buildConfigurations = (
				B372BF1724D2A46B00F9957A /* Debug */,
				B372BF1824D2A46B00F9957A /* Release */,
			);
			defaultConfigurationIsVisible = 0;
			defaultConfigurationName = Release;
		};
		B372BF1924D2A46B00F9957A /* Build configuration list for PBXNativeTarget "CalorieCounterAppTests" */ = {
			isa = XCConfigurationList;
			buildConfigurations = (
				B372BF1A24D2A46B00F9957A /* Debug */,
				B372BF1B24D2A46B00F9957A /* Release */,
			);
			defaultConfigurationIsVisible = 0;
			defaultConfigurationName = Release;
		};
		B372BF1C24D2A46B00F9957A /* Build configuration list for PBXNativeTarget "CalorieCounterAppUITests" */ = {
			isa = XCConfigurationList;
			buildConfigurations = (
				B372BF1D24D2A46B00F9957A /* Debug */,
				B372BF1E24D2A46B00F9957A /* Release */,
			);
			defaultConfigurationIsVisible = 0;
			defaultConfigurationName = Release;
		};
/* End XCConfigurationList section */

/* Begin XCVersionGroup section */
		B372BEF524D2A46300F9957A /* CalorieCounterApp.xcdatamodeld */ = {
			isa = XCVersionGroup;
			children = (
				B372BEF624D2A46300F9957A /* CalorieCounterApp.xcdatamodel */,
			);
			currentVersion = B372BEF624D2A46300F9957A /* CalorieCounterApp.xcdatamodel */;
			path = CalorieCounterApp.xcdatamodeld;
			sourceTree = "<group>";
			versionGroupType = wrapper.xcdatamodel;
		};
/* End XCVersionGroup section */
	};
	rootObject = B372BEE324D2A46300F9957A /* Project object */;
}
